
Microsoft Visual Studio Solution File, Format Version 12.00
# Visual Studio 15
VisualStudioVersion = 15.0.27428.2005
MinimumVisualStudioVersion = 10.0.40219.1
Project("{2150E333-8FDC-42A3-9474-1A3956D46DE8}") = "0 - Modelagem de Entidades", "0 - Modelagem de Entidades", "{95CF3271-5F44-4875-9EA4-F8541659E677}"
EndProject
Project("{2150E333-8FDC-42A3-9474-1A3956D46DE8}") = "1 - Sistema", "1 - Sistema", "{C1B6CC4E-BF15-4230-9DDA-D32AF33B3B0A}"
EndProject
Project("{2150E333-8FDC-42A3-9474-1A3956D46DE8}") = "1.1 - Camada de Apresentação", "1.1 - Camada de Apresentação", "{6DB7806E-C242-489F-90A6-DECB2E7B318A}"
EndProject
Project("{2150E333-8FDC-42A3-9474-1A3956D46DE8}") = "1.2 - Camada de Serviços", "1.2 - Camada de Serviços", "{DF551E10-0B4F-401C-993A-4B007F74D4D9}"
EndProject
Project("{2150E333-8FDC-42A3-9474-1A3956D46DE8}") = "1.3 - Camada de Acesso a Dados", "1.3 - Camada de Acesso a Dados", "{55B90E16-C4CE-4F4B-9EAA-1632FFC20185}"
EndProject
Project("{FAE04EC0-301F-11D3-BF4B-00C04F79EFBC}") = "Projeto.Entities", "Projeto.Entities\Projeto.Entities.csproj", "{A8255B22-0370-44A7-B63E-50640CEADDA8}"
EndProject
Project("{FAE04EC0-301F-11D3-BF4B-00C04F79EFBC}") = "Projeto.Services", "Projeto.Services\Projeto.Services.csproj", "{F8FE1672-FD0D-4F9E-8713-FB815175126D}"
EndProject
Project("{FAE04EC0-301F-11D3-BF4B-00C04F79EFBC}") = "Projeto.Infra.Data", "Projeto.Infra.Data\Projeto.Infra.Data.csproj", "{12FA66B9-3505-4C14-A2E9-EB56CB1D0657}"
EndProject
Global
	GlobalSection(SolutionConfigurationPlatforms) = preSolution
		Debug|Any CPU = Debug|Any CPU
		Release|Any CPU = Release|Any CPU
	EndGlobalSection
	GlobalSection(ProjectConfigurationPlatforms) = postSolution
		{A8255B22-0370-44A7-B63E-50640CEADDA8}.Debug|Any CPU.ActiveCfg = Debug|Any CPU
		{A8255B22-0370-44A7-B63E-50640CEADDA8}.Debug|Any CPU.Build.0 = Debug|Any CPU
		{A8255B22-0370-44A7-B63E-50640CEADDA8}.Release|Any CPU.ActiveCfg = Release|Any CPU
		{A8255B22-0370-44A7-B63E-50640CEADDA8}.Release|Any CPU.Build.0 = Release|Any CPU
		{F8FE1672-FD0D-4F9E-8713-FB815175126D}.Debug|Any CPU.ActiveCfg = Debug|Any CPU
		{F8FE1672-FD0D-4F9E-8713-FB815175126D}.Debug|Any CPU.Build.0 = Debug|Any CPU
		{F8FE1672-FD0D-4F9E-8713-FB815175126D}.Release|Any CPU.ActiveCfg = Release|Any CPU
		{F8FE1672-FD0D-4F9E-8713-FB815175126D}.Release|Any CPU.Build.0 = Release|Any CPU
		{12FA66B9-3505-4C14-A2E9-EB56CB1D0657}.Debug|Any CPU.ActiveCfg = Debug|Any CPU
		{12FA66B9-3505-4C14-A2E9-EB56CB1D0657}.Debug|Any CPU.Build.0 = Debug|Any CPU
		{12FA66B9-3505-4C14-A2E9-EB56CB1D0657}.Release|Any CPU.ActiveCfg = Release|Any CPU
		{12FA66B9-3505-4C14-A2E9-EB56CB1D0657}.Release|Any CPU.Build.0 = Release|Any CPU
	EndGlobalSection
	GlobalSection(SolutionProperties) = preSolution
		HideSolutionNode = FALSE
	EndGlobalSection
	GlobalSection(NestedProjects) = preSolution
		{6DB7806E-C242-489F-90A6-DECB2E7B318A} = {C1B6CC4E-BF15-4230-9DDA-D32AF33B3B0A}
		{DF551E10-0B4F-401C-993A-4B007F74D4D9} = {C1B6CC4E-BF15-4230-9DDA-D32AF33B3B0A}
		{55B90E16-C4CE-4F4B-9EAA-1632FFC20185} = {C1B6CC4E-BF15-4230-9DDA-D32AF33B3B0A}
		{A8255B22-0370-44A7-B63E-50640CEADDA8} = {95CF3271-5F44-4875-9EA4-F8541659E677}
		{F8FE1672-FD0D-4F9E-8713-FB815175126D} = {DF551E10-0B4F-401C-993A-4B007F74D4D9}
		{12FA66B9-3505-4C14-A2E9-EB56CB1D0657} = {55B90E16-C4CE-4F4B-9EAA-1632FFC20185}
	EndGlobalSection
	GlobalSection(ExtensibilityGlobals) = postSolution
		SolutionGuid = {F35DD8E3-4325-4555-AF6E-3A7DEB83E07C}
	EndGlobalSection
EndGlobal
